// !$*UTF8*$!
{
	archiveVersion = 1;
	classes = {
	};
	objectVersion = 50;
	objects = {

/* Begin PBXBuildFile section */
		978D2E86269450AD007411FB /* AppDelegate.m in Sources */ = {isa = PBXBuildFile; fileRef = 978D2E85269450AD007411FB /* AppDelegate.m */; };
		978D2E89269450AD007411FB /* SceneDelegate.m in Sources */ = {isa = PBXBuildFile; fileRef = 978D2E88269450AD007411FB /* SceneDelegate.m */; };
		978D2E8C269450AD007411FB /* ViewController.m in Sources */ = {isa = PBXBuildFile; fileRef = 978D2E8B269450AD007411FB /* ViewController.m */; };
		978D2E8F269450AD007411FB /* Main.storyboard in Resources */ = {isa = PBXBuildFile; fileRef = 978D2E8D269450AD007411FB /* Main.storyboard */; };
		978D2E91269450AF007411FB /* Assets.xcassets in Resources */ = {isa = PBXBuildFile; fileRef = 978D2E90269450AF007411FB /* Assets.xcassets */; };
		978D2E94269450AF007411FB /* LaunchScreen.storyboard in Resources */ = {isa = PBXBuildFile; fileRef = 978D2E92269450AF007411FB /* LaunchScreen.storyboard */; };
		978D2E97269450AF007411FB /* main.m in Sources */ = {isa = PBXBuildFile; fileRef = 978D2E96269450AF007411FB /* main.m */; };
		978D2EA0269486EE007411FB /* Delegate.m in Sources */ = {isa = PBXBuildFile; fileRef = 978D2E9F269486EE007411FB /* Delegate.m */; };
/* End PBXBuildFile section */

/* Begin PBXFileReference section */
		978D2E81269450AD007411FB /* Lesson29.app */ = {isa = PBXFileReference; explicitFileType = wrapper.application; includeInIndex = 0; path = Lesson29.app; sourceTree = BUILT_PRODUCTS_DIR; };
		978D2E84269450AD007411FB /* AppDelegate.h */ = {isa = PBXFileReference; lastKnownFileType = sourcecode.c.h; path = AppDelegate.h; sourceTree = "<group>"; };
		978D2E85269450AD007411FB /* AppDelegate.m */ = {isa = PBXFileReference; lastKnownFileType = sourcecode.c.objc; path = AppDelegate.m; sourceTree = "<group>"; };
		978D2E87269450AD007411FB /* SceneDelegate.h */ = {isa = PBXFileReference; lastKnownFileType = sourcecode.c.h; path = SceneDelegate.h; sourceTree = "<group>"; };
		978D2E88269450AD007411FB /* SceneDelegate.m */ = {isa = PBXFileReference; lastKnownFileType = sourcecode.c.objc; path = SceneDelegate.m; sourceTree = "<group>"; };
		978D2E8A269450AD007411FB /* ViewController.h */ = {isa = PBXFileReference; lastKnownFileType = sourcecode.c.h; path = ViewController.h; sourceTree = "<group>"; };
		978D2E8B269450AD007411FB /* ViewController.m */ = {isa = PBXFileReference; lastKnownFileType = sourcecode.c.objc; path = ViewController.m; sourceTree = "<group>"; };
		978D2E8E269450AD007411FB /* Base */ = {isa = PBXFileReference; lastKnownFileType = file.storyboard; name = Base; path = Base.lproj/Main.storyboard; sourceTree = "<group>"; };
		978D2E90269450AF007411FB /* Assets.xcassets */ = {isa = PBXFileReference; lastKnownFileType = folder.assetcatalog; path = Assets.xcassets; sourceTree = "<group>"; };
		978D2E93269450AF007411FB /* Base */ = {isa = PBXFileReference; lastKnownFileType = file.storyboard; name = Base; path = Base.lproj/LaunchScreen.storyboard; sourceTree = "<group>"; };
		978D2E95269450AF007411FB /* Info.plist */ = {isa = PBXFileReference; lastKnownFileType = text.plist.xml; path = Info.plist; sourceTree = "<group>"; };
		978D2E96269450AF007411FB /* main.m */ = {isa = PBXFileReference; lastKnownFileType = sourcecode.c.objc; path = main.m; sourceTree = "<group>"; };
		978D2E9E269486DB007411FB /* Delegate.h */ = {isa = PBXFileReference; lastKnownFileType = sourcecode.c.h; path = Delegate.h; sourceTree = "<group>"; };
		978D2E9F269486EE007411FB /* Delegate.m */ = {isa = PBXFileReference; lastKnownFileType = sourcecode.c.objc; path = Delegate.m; sourceTree = "<group>"; };
		978D2EA426948704007411FB /* DelegateProtocol.h */ = {isa = PBXFileReference; lastKnownFileType = sourcecode.c.h; path = DelegateProtocol.h; sourceTree = "<group>"; };
/* End PBXFileReference section */

/* Begin PBXFrameworksBuildPhase section */
		978D2E7E269450AD007411FB /* Frameworks */ = {
			isa = PBXFrameworksBuildPhase;
			buildActionMask = 2147483647;
			files = (
			);
			runOnlyForDeploymentPostprocessing = 0;
		};
/* End PBXFrameworksBuildPhase section */

/* Begin PBXGroup section */
		978D2E78269450AD007411FB = {
			isa = PBXGroup;
			children = (
				978D2E83269450AD007411FB /* Lesson29 */,
				978D2E82269450AD007411FB /* Products */,
			);
			sourceTree = "<group>";
		};
		978D2E82269450AD007411FB /* Products */ = {
			isa = PBXGroup;
			children = (
				978D2E81269450AD007411FB /* Lesson29.app */,
			);
			name = Products;
			sourceTree = "<group>";
		};
		978D2E83269450AD007411FB /* Lesson29 */ = {
			isa = PBXGroup;
			children = (
				978D2E84269450AD007411FB /* AppDelegate.h */,
				978D2E85269450AD007411FB /* AppDelegate.m */,
				978D2E87269450AD007411FB /* SceneDelegate.h */,
				978D2E88269450AD007411FB /* SceneDelegate.m */,
				978D2E8A269450AD007411FB /* ViewController.h */,
				978D2E8B269450AD007411FB /* ViewController.m */,
				978D2EA426948704007411FB /* DelegateProtocol.h */,
				978D2E9E269486DB007411FB /* Delegate.h */,
				978D2E9F269486EE007411FB /* Delegate.m */,
				978D2E8D269450AD007411FB /* Main.storyboard */,
				978D2E90269450AF007411FB /* Assets.xcassets */,
				978D2E92269450AF007411FB /* LaunchScreen.storyboard */,
				978D2E95269450AF007411FB /* Info.plist */,
				978D2E96269450AF007411FB /* main.m */,
			);
			path = Lesson29;
			sourceTree = "<group>";
		};
/* End PBXGroup section */

/* Begin PBXNativeTarget section */
		978D2E80269450AD007411FB /* Lesson29 */ = {
			isa = PBXNativeTarget;
			buildConfigurationList = 978D2E9A269450AF007411FB /* Build configuration list for PBXNativeTarget "Lesson29" */;
			buildPhases = (
				978D2E7D269450AD007411FB /* Sources */,
				978D2E7E269450AD007411FB /* Frameworks */,
				978D2E7F269450AD007411FB /* Resources */,
			);
			buildRules = (
			);
			dependencies = (
			);
			name = Lesson29;
			productName = Lesson29;
			productReference = 978D2E81269450AD007411FB /* Lesson29.app */;
			productType = "com.apple.product-type.application";
		};
/* End PBXNativeTarget section */

/* Begin PBXProject section */
		978D2E79269450AD007411FB /* Project object */ = {
			isa = PBXProject;
			attributes = {
				LastUpgradeCheck = 1220;
				TargetAttributes = {
					978D2E80269450AD007411FB = {
						CreatedOnToolsVersion = 12.2;
					};
				};
			};
			buildConfigurationList = 978D2E7C269450AD007411FB /* Build configuration list for PBXProject "Lesson29" */;
			compatibilityVersion = "Xcode 9.3";
			developmentRegion = en;
			hasScannedForEncodings = 0;
			knownRegions = (
				en,
				Base,
			);
			mainGroup = 978D2E78269450AD007411FB;
			productRefGroup = 978D2E82269450AD007411FB /* Products */;
			projectDirPath = "";
			projectRoot = "";
			targets = (
				978D2E80269450AD007411FB /* Lesson29 */,
			);
		};
/* End PBXProject section */

/* Begin PBXResourcesBuildPhase section */
		978D2E7F269450AD007411FB /* Resources */ = {
			isa = PBXResourcesBuildPhase;
			buildActionMask = 2147483647;
			files = (
				978D2E94269450AF007411FB /* LaunchScreen.storyboard in Resources */,
				978D2E91269450AF007411FB /* Assets.xcassets in Resources */,
				978D2E8F269450AD007411FB /* Main.storyboard in Resources */,
			);
			runOnlyForDeploymentPostprocessing = 0;
		};
/* End PBXResourcesBuildPhase section */

/* Begin PBXSourcesBuildPhase section */
		978D2E7D269450AD007411FB /* Sources */ = {
			isa = PBXSourcesBuildPhase;
			buildActionMask = 2147483647;
			files = (
				978D2E8C269450AD007411FB /* ViewController.m in Sources */,
				978D2EA0269486EE007411FB /* Delegate.m in Sources */,
				978D2E86269450AD007411FB /* AppDelegate.m in Sources */,
				978D2E97269450AF007411FB /* main.m in Sources */,
				978D2E89269450AD007411FB /* SceneDelegate.m in Sources */,
			);
			runOnlyForDeploymentPostprocessing = 0;
		};
/* End PBXSourcesBuildPhase section */

/* Begin PBXVariantGroup section */
		978D2E8D269450AD007411FB /* Main.storyboard */ = {
			isa = PBXVariantGroup;
			children = (
				978D2E8E269450AD007411FB /* Base */,
			);
			name = Main.storyboard;
			sourceTree = "<group>";
		};
		978D2E92269450AF007411FB /* LaunchScreen.storyboard */ = {
			isa = PBXVariantGroup;
			children = (
				978D2E93269450AF007411FB /* Base */,
			);
			name = LaunchScreen.storyboard;
			sourceTree = "<group>";
		};
/* End PBXVariantGroup section */

/* Begin XCBuildConfiguration section */
		978D2E98269450AF007411FB /* Debug */ = {
			isa = XCBuildConfiguration;
			buildSettings = {
				ALWAYS_SEARCH_USER_PATHS = NO;
				CLANG_ANALYZER_NONNULL = YES;
				CLANG_ANALYZER_NUMBER_OBJECT_CONVERSION = YES_AGGRESSIVE;
				CLANG_CXX_LANGUAGE_STANDARD = "gnu++14";
				CLANG_CXX_LIBRARY = "libc++";
				CLANG_ENABLE_MODULES = YES;
				CLANG_ENABLE_OBJC_ARC = YES;
				CLANG_ENABLE_OBJC_WEAK = YES;
				CLANG_WARN_BLOCK_CAPTURE_AUTORELEASING = YES;
				CLANG_WARN_BOOL_CONVERSION = YES;
				CLANG_WARN_COMMA = YES;
				CLANG_WARN_CONSTANT_CONVERSION = YES;
				CLANG_WARN_DEPRECATED_OBJC_IMPLEMENTATIONS = YES;
				CLANG_WARN_DIRECT_OBJC_ISA_USAGE = YES_ERROR;
				CLANG_WARN_DOCUMENTATION_COMMENTS = YES;
				CLANG_WARN_EMPTY_BODY = YES;
				CLANG_WARN_ENUM_CONVERSION = YES;
				CLANG_WARN_INFINITE_RECURSION = YES;
				CLANG_WARN_INT_CONVERSION = YES;
				CLANG_WARN_NON_LITERAL_NULL_CONVERSION = YES;
				CLANG_WARN_OBJC_IMPLICIT_RETAIN_SELF = YES;
				CLANG_WARN_OBJC_LITERAL_CONVERSION = YES;
				CLANG_WARN_OBJC_ROOT_CLASS = YES_ERROR;
				CLANG_WARN_QUOTED_INCLUDE_IN_FRAMEWORK_HEADER = YES;
				CLANG_WARN_RANGE_LOOP_ANALYSIS = YES;
				CLANG_WARN_STRICT_PROTOTYPES = YES;
				CLANG_WARN_SUSPICIOUS_MOVE = YES;
				CLANG_WARN_UNGUARDED_AVAILABILITY = YES_AGGRESSIVE;
				CLANG_WARN_UNREACHABLE_CODE = YES;
				CLANG_WARN__DUPLICATE_METHOD_MATCH = YES;
				COPY_PHASE_STRIP = NO;
				DEBUG_INFORMATION_FORMAT = dwarf;
				ENABLE_STRICT_OBJC_MSGSEND = YES;
				ENABLE_TESTABILITY = YES;
				GCC_C_LANGUAGE_STANDARD = gnu11;
				GCC_DYNAMIC_NO_PIC = NO;
				GCC_NO_COMMON_BLOCKS = YES;
				GCC_OPTIMIZATION_LEVEL = 0;
				GCC_PREPROCESSOR_DEFINITIONS = (
					"DEBUG=1",
					"$(inherited)",
				);
				GCC_WARN_64_TO_32_BIT_CONVERSION = YES;
				GCC_WARN_ABOUT_RETURN_TYPE = YES_ERROR;
				GCC_WARN_UNDECLARED_SELECTOR = YES;
				GCC_WARN_UNINITIALIZED_AUTOS = YES_AGGRESSIVE;
				GCC_WARN_UNUSED_FUNCTION = YES;
				GCC_WARN_UNUSED_VARIABLE = YES;
				IPHONEOS_DEPLOYMENT_TARGET = 14.2;
				MTL_ENABLE_DEBUG_INFO = INCLUDE_SOURCE;
				MTL_FAST_MATH = YES;
				ONLY_ACTIVE_ARCH = YES;
				SDKROOT = iphoneos;
			};
			name = Debug;
		};
		978D2E99269450AF007411FB /* Release */ = {
			isa = XCBuildConfiguration;
			buildSettings = {
				ALWAYS_SEARCH_USER_PATHS = NO;
				CLANG_ANALYZER_NONNULL = YES;
				CLANG_ANALYZER_NUMBER_OBJECT_CONVERSION = YES_AGGRESSIVE;
				CLANG_CXX_LANGUAGE_STANDARD = "gnu++14";
				CLANG_CXX_LIBRARY = "libc++";
				CLANG_ENABLE_MODULES = YES;
				CLANG_ENABLE_OBJC_ARC = YES;
				CLANG_ENABLE_OBJC_WEAK = YES;
				CLANG_WARN_BLOCK_CAPTURE_AUTORELEASING = YES;
				CLANG_WARN_BOOL_CONVERSION = YES;
				CLANG_WARN_COMMA = YES;
				CLANG_WARN_CONSTANT_CONVERSION = YES;
				CLANG_WARN_DEPRECATED_OBJC_IMPLEMENTATIONS = YES;
				CLANG_WARN_DIRECT_OBJC_ISA_USAGE = YES_ERROR;
				CLANG_WARN_DOCUMENTATION_COMMENTS = YES;
				CLANG_WARN_EMPTY_BODY = YES;
				CLANG_WARN_ENUM_CONVERSION = YES;
				CLANG_WARN_INFINITE_RECURSION = YES;
				CLANG_WARN_INT_CONVERSION = YES;
				CLANG_WARN_NON_LITERAL_NULL_CONVERSION = YES;
				CLANG_WARN_OBJC_IMPLICIT_RETAIN_SELF = YES;
				CLANG_WARN_OBJC_LITERAL_CONVERSION = YES;
				CLANG_WARN_OBJC_ROOT_CLASS = YES_ERROR;
				CLANG_WARN_QUOTED_INCLUDE_IN_FRAMEWORK_HEADER = YES;
				CLANG_WARN_RANGE_LOOP_ANALYSIS = YES;
				CLANG_WARN_STRICT_PROTOTYPES = YES;
				CLANG_WARN_SUSPICIOUS_MOVE = YES;
				CLANG_WARN_UNGUARDED_AVAILABILITY = YES_AGGRESSIVE;
				CLANG_WARN_UNREACHABLE_CODE = YES;
				CLANG_WARN__DUPLICATE_METHOD_MATCH = YES;
				COPY_PHASE_STRIP = NO;
				DEBUG_INFORMATION_FORMAT = "dwarf-with-dsym";
				ENABLE_NS_ASSERTIONS = NO;
				ENABLE_STRICT_OBJC_MSGSEND = YES;
				GCC_C_LANGUAGE_STANDARD = gnu11;
				GCC_NO_COMMON_BLOCKS = YES;
				GCC_WARN_64_TO_32_BIT_CONVERSION = YES;
				GCC_WARN_ABOUT_RETURN_TYPE = YES_ERROR;
				GCC_WARN_UNDECLARED_SELECTOR = YES;
				GCC_WARN_UNINITIALIZED_AUTOS = YES_AGGRESSIVE;
				GCC_WARN_UNUSED_FUNCTION = YES;
				GCC_WARN_UNUSED_VARIABLE = YES;
				IPHONEOS_DEPLOYMENT_TARGET = 14.2;
				MTL_ENABLE_DEBUG_INFO = NO;
				MTL_FAST_MATH = YES;
				SDKROOT = iphoneos;
				VALIDATE_PRODUCT = YES;
			};
			name = Release;
		};
		978D2E9B269450AF007411FB /* Debug */ = {
			isa = XCBuildConfiguration;
			buildSettings = {
				ASSETCATALOG_COMPILER_APPICON_NAME = AppIcon;
				ASSETCATALOG_COMPILER_GLOBAL_ACCENT_COLOR_NAME = AccentColor;
				CODE_SIGN_STYLE = Automatic;
				DEVELOPMENT_TEAM = 58F4X29Z9Z;
				INFOPLIST_FILE = Lesson29/Info.plist;
				LD_RUNPATH_SEARCH_PATHS = (
					"$(inherited)",
					"@executable_path/Frameworks",
				);
				PRODUCT_BUNDLE_IDENTIFIER = Patterns.Lesson29;
				PRODUCT_NAME = "$(TARGET_NAME)";
				TARGETED_DEVICE_FAMILY = "1,2";
			};
			name = Debug;
		};
		978D2E9C269450AF007411FB /* Release */ = {
			isa = XCBuildConfiguration;
			buildSettings = {
				ASSETCATALOG_COMPILER_APPICON_NAME = AppIcon;
				ASSETCATALOG_COMPILER_GLOBAL_ACCENT_COLOR_NAME = AccentColor;
				CODE_SIGN_STYLE = Automatic;
				DEVELOPMENT_TEAM = 58F4X29Z9Z;
				INFOPLIST_FILE = Lesson29/Info.plist;
				LD_RUNPATH_SEARCH_PATHS = (
					"$(inherited)",
					"@executable_path/Frameworks",
				);
				PRODUCT_BUNDLE_IDENTIFIER = Patterns.Lesson29;
				PRODUCT_NAME = "$(TARGET_NAME)";
				TARGETED_DEVICE_FAMILY = "1,2";
			};
			name = Release;
		};
/* End XCBuildConfiguration section */

/* Begin XCConfigurationList section */
		978D2E7C269450AD007411FB /* Build configuration list for PBXProject "Lesson29" */ = {
			isa = XCConfigurationList;
			buildConfigurations = (
				978D2E98269450AF007411FB /* Debug */,
				978D2E99269450AF007411FB /* Release */,
			);
			defaultConfigurationIsVisible = 0;
			defaultConfigurationName = Release;
		};
		978D2E9A269450AF007411FB /* Build configuration list for PBXNativeTarget "Lesson29" */ = {
			isa = XCConfigurationList;
			buildConfigurations = (
				978D2E9B269450AF007411FB /* Debug */,
				978D2E9C269450AF007411FB /* Release */,
			);
			defaultConfigurationIsVisible = 0;
			defaultConfigurationName = Release;
		};
/* End XCConfigurationList section */
	};
	rootObject = 978D2E79269450AD007411FB /* Project object */;
}
