// !$*UTF8*$!
{
	archiveVersion = 1;
	classes = {
	};
	objectVersion = 50;
	objects = {

/* Begin PBXBuildFile section */
		4D823590266819690005E773 /* YoutubeTableViewCell.swift in Sources */ = {isa = PBXBuildFile; fileRef = 4D82358F266819690005E773 /* YoutubeTableViewCell.swift */; };
		4D823594266819DE0005E773 /* NetworkServiceProtocol.swift in Sources */ = {isa = PBXBuildFile; fileRef = 4D823593266819DE0005E773 /* NetworkServiceProtocol.swift */; };
		4D82359726681BF00005E773 /* NetworkService.swift in Sources */ = {isa = PBXBuildFile; fileRef = 4D82359626681BF00005E773 /* NetworkService.swift */; };
		4DF06F012666781D00275D26 /* AppDelegate.swift in Sources */ = {isa = PBXBuildFile; fileRef = 4DF06F002666781D00275D26 /* AppDelegate.swift */; };
		4DF06F052666781D00275D26 /* ViewController.swift in Sources */ = {isa = PBXBuildFile; fileRef = 4DF06F042666781D00275D26 /* ViewController.swift */; };
		4DF06F0A2666781D00275D26 /* Assets.xcassets in Resources */ = {isa = PBXBuildFile; fileRef = 4DF06F092666781D00275D26 /* Assets.xcassets */; };
		4DF06F0D2666781D00275D26 /* LaunchScreen.storyboard in Resources */ = {isa = PBXBuildFile; fileRef = 4DF06F0B2666781D00275D26 /* LaunchScreen.storyboard */; };
		4DF06F1926667A5800275D26 /* Constants.swift in Sources */ = {isa = PBXBuildFile; fileRef = 4DF06F1826667A5700275D26 /* Constants.swift */; };
		4DF06F1C26667B0000275D26 /* NetworkServiceError.swift in Sources */ = {isa = PBXBuildFile; fileRef = 4DF06F1B26667B0000275D26 /* NetworkServiceError.swift */; };
		4DF06F1F26667C0E00275D26 /* YoutubeAuthoriseResponce.swift in Sources */ = {isa = PBXBuildFile; fileRef = 4DF06F1E26667C0E00275D26 /* YoutubeAuthoriseResponce.swift */; };
/* End PBXBuildFile section */

/* Begin PBXFileReference section */
		4D82358F266819690005E773 /* YoutubeTableViewCell.swift */ = {isa = PBXFileReference; lastKnownFileType = sourcecode.swift; path = YoutubeTableViewCell.swift; sourceTree = "<group>"; };
		4D823593266819DE0005E773 /* NetworkServiceProtocol.swift */ = {isa = PBXFileReference; lastKnownFileType = sourcecode.swift; path = NetworkServiceProtocol.swift; sourceTree = "<group>"; };
		4D82359626681BF00005E773 /* NetworkService.swift */ = {isa = PBXFileReference; lastKnownFileType = sourcecode.swift; path = NetworkService.swift; sourceTree = "<group>"; };
		4DF06EFD2666781D00275D26 /* NetworkApp.app */ = {isa = PBXFileReference; explicitFileType = wrapper.application; includeInIndex = 0; path = NetworkApp.app; sourceTree = BUILT_PRODUCTS_DIR; };
		4DF06F002666781D00275D26 /* AppDelegate.swift */ = {isa = PBXFileReference; lastKnownFileType = sourcecode.swift; path = AppDelegate.swift; sourceTree = "<group>"; };
		4DF06F042666781D00275D26 /* ViewController.swift */ = {isa = PBXFileReference; lastKnownFileType = sourcecode.swift; path = ViewController.swift; sourceTree = "<group>"; };
		4DF06F092666781D00275D26 /* Assets.xcassets */ = {isa = PBXFileReference; lastKnownFileType = folder.assetcatalog; path = Assets.xcassets; sourceTree = "<group>"; };
		4DF06F0C2666781D00275D26 /* Base */ = {isa = PBXFileReference; lastKnownFileType = file.storyboard; name = Base; path = Base.lproj/LaunchScreen.storyboard; sourceTree = "<group>"; };
		4DF06F0E2666781D00275D26 /* Info.plist */ = {isa = PBXFileReference; lastKnownFileType = text.plist.xml; path = Info.plist; sourceTree = "<group>"; };
		4DF06F1826667A5700275D26 /* Constants.swift */ = {isa = PBXFileReference; lastKnownFileType = sourcecode.swift; path = Constants.swift; sourceTree = "<group>"; };
		4DF06F1B26667B0000275D26 /* NetworkServiceError.swift */ = {isa = PBXFileReference; lastKnownFileType = sourcecode.swift; path = NetworkServiceError.swift; sourceTree = "<group>"; };
		4DF06F1E26667C0E00275D26 /* YoutubeAuthoriseResponce.swift */ = {isa = PBXFileReference; lastKnownFileType = sourcecode.swift; path = YoutubeAuthoriseResponce.swift; sourceTree = "<group>"; };
/* End PBXFileReference section */

/* Begin PBXFrameworksBuildPhase section */
		4DF06EFA2666781D00275D26 /* Frameworks */ = {
			isa = PBXFrameworksBuildPhase;
			buildActionMask = 2147483647;
			files = (
			);
			runOnlyForDeploymentPostprocessing = 0;
		};
/* End PBXFrameworksBuildPhase section */

/* Begin PBXGroup section */
		4D82358C266818E70005E773 /* Model */ = {
			isa = PBXGroup;
			children = (
				4D823593266819DE0005E773 /* NetworkServiceProtocol.swift */,
				4D82359626681BF00005E773 /* NetworkService.swift */,
				4DF06F1B26667B0000275D26 /* NetworkServiceError.swift */,
				4DF06F1E26667C0E00275D26 /* YoutubeAuthoriseResponce.swift */,
				4DF06F1826667A5700275D26 /* Constants.swift */,
			);
			path = Model;
			sourceTree = "<group>";
		};
		4D82358D266818F00005E773 /* View */ = {
			isa = PBXGroup;
			children = (
				4D82358F266819690005E773 /* YoutubeTableViewCell.swift */,
			);
			path = View;
			sourceTree = "<group>";
		};
		4D82358E266818F80005E773 /* Contoller */ = {
			isa = PBXGroup;
			children = (
				4DF06F042666781D00275D26 /* ViewController.swift */,
			);
			path = Contoller;
			sourceTree = "<group>";
		};
		4DF06EF42666781D00275D26 = {
			isa = PBXGroup;
			children = (
				4DF06EFF2666781D00275D26 /* NetworkApp */,
				4DF06EFE2666781D00275D26 /* Products */,
			);
			sourceTree = "<group>";
		};
		4DF06EFE2666781D00275D26 /* Products */ = {
			isa = PBXGroup;
			children = (
				4DF06EFD2666781D00275D26 /* NetworkApp.app */,
			);
			name = Products;
			sourceTree = "<group>";
		};
		4DF06EFF2666781D00275D26 /* NetworkApp */ = {
			isa = PBXGroup;
			children = (
				4DF06F002666781D00275D26 /* AppDelegate.swift */,
				4D82358C266818E70005E773 /* Model */,
				4D82358D266818F00005E773 /* View */,
				4D82358E266818F80005E773 /* Contoller */,
				4DF06F092666781D00275D26 /* Assets.xcassets */,
				4DF06F0B2666781D00275D26 /* LaunchScreen.storyboard */,
				4DF06F0E2666781D00275D26 /* Info.plist */,
			);
			path = NetworkApp;
			sourceTree = "<group>";
		};
/* End PBXGroup section */

/* Begin PBXNativeTarget section */
		4DF06EFC2666781D00275D26 /* NetworkApp */ = {
			isa = PBXNativeTarget;
			buildConfigurationList = 4DF06F112666781D00275D26 /* Build configuration list for PBXNativeTarget "NetworkApp" */;
			buildPhases = (
				4DF06EF92666781D00275D26 /* Sources */,
				4DF06EFA2666781D00275D26 /* Frameworks */,
				4DF06EFB2666781D00275D26 /* Resources */,
			);
			buildRules = (
			);
			dependencies = (
			);
			name = NetworkApp;
			productName = NetworkApp;
			productReference = 4DF06EFD2666781D00275D26 /* NetworkApp.app */;
			productType = "com.apple.product-type.application";
		};
/* End PBXNativeTarget section */

/* Begin PBXProject section */
		4DF06EF52666781D00275D26 /* Project object */ = {
			isa = PBXProject;
			attributes = {
				LastSwiftUpdateCheck = 1240;
				LastUpgradeCheck = 1240;
				TargetAttributes = {
					4DF06EFC2666781D00275D26 = {
						CreatedOnToolsVersion = 12.4;
					};
				};
			};
			buildConfigurationList = 4DF06EF82666781D00275D26 /* Build configuration list for PBXProject "NetworkApp" */;
			compatibilityVersion = "Xcode 9.3";
			developmentRegion = en;
			hasScannedForEncodings = 0;
			knownRegions = (
				en,
				Base,
			);
			mainGroup = 4DF06EF42666781D00275D26;
			productRefGroup = 4DF06EFE2666781D00275D26 /* Products */;
			projectDirPath = "";
			projectRoot = "";
			targets = (
				4DF06EFC2666781D00275D26 /* NetworkApp */,
			);
		};
/* End PBXProject section */

/* Begin PBXResourcesBuildPhase section */
		4DF06EFB2666781D00275D26 /* Resources */ = {
			isa = PBXResourcesBuildPhase;
			buildActionMask = 2147483647;
			files = (
				4DF06F0D2666781D00275D26 /* LaunchScreen.storyboard in Resources */,
				4DF06F0A2666781D00275D26 /* Assets.xcassets in Resources */,
			);
			runOnlyForDeploymentPostprocessing = 0;
		};
/* End PBXResourcesBuildPhase section */

/* Begin PBXSourcesBuildPhase section */
		4DF06EF92666781D00275D26 /* Sources */ = {
			isa = PBXSourcesBuildPhase;
			buildActionMask = 2147483647;
			files = (
				4DF06F052666781D00275D26 /* ViewController.swift in Sources */,
				4DF06F1C26667B0000275D26 /* NetworkServiceError.swift in Sources */,
				4D82359726681BF00005E773 /* NetworkService.swift in Sources */,
				4DF06F012666781D00275D26 /* AppDelegate.swift in Sources */,
				4D823594266819DE0005E773 /* NetworkServiceProtocol.swift in Sources */,
				4D823590266819690005E773 /* YoutubeTableViewCell.swift in Sources */,
				4DF06F1F26667C0E00275D26 /* YoutubeAuthoriseResponce.swift in Sources */,
				4DF06F1926667A5800275D26 /* Constants.swift in Sources */,
			);
			runOnlyForDeploymentPostprocessing = 0;
		};
/* End PBXSourcesBuildPhase section */

/* Begin PBXVariantGroup section */
		4DF06F0B2666781D00275D26 /* LaunchScreen.storyboard */ = {
			isa = PBXVariantGroup;
			children = (
				4DF06F0C2666781D00275D26 /* Base */,
			);
			name = LaunchScreen.storyboard;
			sourceTree = "<group>";
		};
/* End PBXVariantGroup section */

/* Begin XCBuildConfiguration section */
		4DF06F0F2666781D00275D26 /* Debug */ = {
			isa = XCBuildConfiguration;
			buildSettings = {
				ALWAYS_SEARCH_USER_PATHS = NO;
				CLANG_ANALYZER_NONNULL = YES;
				CLANG_ANALYZER_NUMBER_OBJECT_CONVERSION = YES_AGGRESSIVE;
				CLANG_CXX_LANGUAGE_STANDARD = "gnu++14";
				CLANG_CXX_LIBRARY = "libc++";
				CLANG_ENABLE_MODULES = YES;
				CLANG_ENABLE_OBJC_ARC = YES;
				CLANG_ENABLE_OBJC_WEAK = YES;
				CLANG_WARN_BLOCK_CAPTURE_AUTORELEASING = YES;
				CLANG_WARN_BOOL_CONVERSION = YES;
				CLANG_WARN_COMMA = YES;
				CLANG_WARN_CONSTANT_CONVERSION = YES;
				CLANG_WARN_DEPRECATED_OBJC_IMPLEMENTATIONS = YES;
				CLANG_WARN_DIRECT_OBJC_ISA_USAGE = YES_ERROR;
				CLANG_WARN_DOCUMENTATION_COMMENTS = YES;
				CLANG_WARN_EMPTY_BODY = YES;
				CLANG_WARN_ENUM_CONVERSION = YES;
				CLANG_WARN_INFINITE_RECURSION = YES;
				CLANG_WARN_INT_CONVERSION = YES;
				CLANG_WARN_NON_LITERAL_NULL_CONVERSION = YES;
				CLANG_WARN_OBJC_IMPLICIT_RETAIN_SELF = YES;
				CLANG_WARN_OBJC_LITERAL_CONVERSION = YES;
				CLANG_WARN_OBJC_ROOT_CLASS = YES_ERROR;
				CLANG_WARN_QUOTED_INCLUDE_IN_FRAMEWORK_HEADER = YES;
				CLANG_WARN_RANGE_LOOP_ANALYSIS = YES;
				CLANG_WARN_STRICT_PROTOTYPES = YES;
				CLANG_WARN_SUSPICIOUS_MOVE = YES;
				CLANG_WARN_UNGUARDED_AVAILABILITY = YES_AGGRESSIVE;
				CLANG_WARN_UNREACHABLE_CODE = YES;
				CLANG_WARN__DUPLICATE_METHOD_MATCH = YES;
				COPY_PHASE_STRIP = NO;
				DEBUG_INFORMATION_FORMAT = dwarf;
				ENABLE_STRICT_OBJC_MSGSEND = YES;
				ENABLE_TESTABILITY = YES;
				GCC_C_LANGUAGE_STANDARD = gnu11;
				GCC_DYNAMIC_NO_PIC = NO;
				GCC_NO_COMMON_BLOCKS = YES;
				GCC_OPTIMIZATION_LEVEL = 0;
				GCC_PREPROCESSOR_DEFINITIONS = (
					"DEBUG=1",
					"$(inherited)",
				);
				GCC_WARN_64_TO_32_BIT_CONVERSION = YES;
				GCC_WARN_ABOUT_RETURN_TYPE = YES_ERROR;
				GCC_WARN_UNDECLARED_SELECTOR = YES;
				GCC_WARN_UNINITIALIZED_AUTOS = YES_AGGRESSIVE;
				GCC_WARN_UNUSED_FUNCTION = YES;
				GCC_WARN_UNUSED_VARIABLE = YES;
				IPHONEOS_DEPLOYMENT_TARGET = 14.4;
				MTL_ENABLE_DEBUG_INFO = INCLUDE_SOURCE;
				MTL_FAST_MATH = YES;
				ONLY_ACTIVE_ARCH = YES;
				SDKROOT = iphoneos;
				SWIFT_ACTIVE_COMPILATION_CONDITIONS = DEBUG;
				SWIFT_OPTIMIZATION_LEVEL = "-Onone";
			};
			name = Debug;
		};
		4DF06F102666781D00275D26 /* Release */ = {
			isa = XCBuildConfiguration;
			buildSettings = {
				ALWAYS_SEARCH_USER_PATHS = NO;
				CLANG_ANALYZER_NONNULL = YES;
				CLANG_ANALYZER_NUMBER_OBJECT_CONVERSION = YES_AGGRESSIVE;
				CLANG_CXX_LANGUAGE_STANDARD = "gnu++14";
				CLANG_CXX_LIBRARY = "libc++";
				CLANG_ENABLE_MODULES = YES;
				CLANG_ENABLE_OBJC_ARC = YES;
				CLANG_ENABLE_OBJC_WEAK = YES;
				CLANG_WARN_BLOCK_CAPTURE_AUTORELEASING = YES;
				CLANG_WARN_BOOL_CONVERSION = YES;
				CLANG_WARN_COMMA = YES;
				CLANG_WARN_CONSTANT_CONVERSION = YES;
				CLANG_WARN_DEPRECATED_OBJC_IMPLEMENTATIONS = YES;
				CLANG_WARN_DIRECT_OBJC_ISA_USAGE = YES_ERROR;
				CLANG_WARN_DOCUMENTATION_COMMENTS = YES;
				CLANG_WARN_EMPTY_BODY = YES;
				CLANG_WARN_ENUM_CONVERSION = YES;
				CLANG_WARN_INFINITE_RECURSION = YES;
				CLANG_WARN_INT_CONVERSION = YES;
				CLANG_WARN_NON_LITERAL_NULL_CONVERSION = YES;
				CLANG_WARN_OBJC_IMPLICIT_RETAIN_SELF = YES;
				CLANG_WARN_OBJC_LITERAL_CONVERSION = YES;
				CLANG_WARN_OBJC_ROOT_CLASS = YES_ERROR;
				CLANG_WARN_QUOTED_INCLUDE_IN_FRAMEWORK_HEADER = YES;
				CLANG_WARN_RANGE_LOOP_ANALYSIS = YES;
				CLANG_WARN_STRICT_PROTOTYPES = YES;
				CLANG_WARN_SUSPICIOUS_MOVE = YES;
				CLANG_WARN_UNGUARDED_AVAILABILITY = YES_AGGRESSIVE;
				CLANG_WARN_UNREACHABLE_CODE = YES;
				CLANG_WARN__DUPLICATE_METHOD_MATCH = YES;
				COPY_PHASE_STRIP = NO;
				DEBUG_INFORMATION_FORMAT = "dwarf-with-dsym";
				ENABLE_NS_ASSERTIONS = NO;
				ENABLE_STRICT_OBJC_MSGSEND = YES;
				GCC_C_LANGUAGE_STANDARD = gnu11;
				GCC_NO_COMMON_BLOCKS = YES;
				GCC_WARN_64_TO_32_BIT_CONVERSION = YES;
				GCC_WARN_ABOUT_RETURN_TYPE = YES_ERROR;
				GCC_WARN_UNDECLARED_SELECTOR = YES;
				GCC_WARN_UNINITIALIZED_AUTOS = YES_AGGRESSIVE;
				GCC_WARN_UNUSED_FUNCTION = YES;
				GCC_WARN_UNUSED_VARIABLE = YES;
				IPHONEOS_DEPLOYMENT_TARGET = 14.4;
				MTL_ENABLE_DEBUG_INFO = NO;
				MTL_FAST_MATH = YES;
				SDKROOT = iphoneos;
				SWIFT_COMPILATION_MODE = wholemodule;
				SWIFT_OPTIMIZATION_LEVEL = "-O";
				VALIDATE_PRODUCT = YES;
			};
			name = Release;
		};
		4DF06F122666781D00275D26 /* Debug */ = {
			isa = XCBuildConfiguration;
			buildSettings = {
				ASSETCATALOG_COMPILER_APPICON_NAME = AppIcon;
				ASSETCATALOG_COMPILER_GLOBAL_ACCENT_COLOR_NAME = AccentColor;
				CODE_SIGN_STYLE = Automatic;
				DEVELOPMENT_TEAM = 58F4X29Z9Z;
				INFOPLIST_FILE = NetworkApp/Info.plist;
				LD_RUNPATH_SEARCH_PATHS = (
					"$(inherited)",
					"@executable_path/Frameworks",
				);
				PRODUCT_BUNDLE_IDENTIFIER = kosgrey.NetworkApp;
				PRODUCT_NAME = "$(TARGET_NAME)";
				SWIFT_VERSION = 5.0;
				TARGETED_DEVICE_FAMILY = "1,2";
			};
			name = Debug;
		};
		4DF06F132666781D00275D26 /* Release */ = {
			isa = XCBuildConfiguration;
			buildSettings = {
				ASSETCATALOG_COMPILER_APPICON_NAME = AppIcon;
				ASSETCATALOG_COMPILER_GLOBAL_ACCENT_COLOR_NAME = AccentColor;
				CODE_SIGN_STYLE = Automatic;
				DEVELOPMENT_TEAM = 58F4X29Z9Z;
				INFOPLIST_FILE = NetworkApp/Info.plist;
				LD_RUNPATH_SEARCH_PATHS = (
					"$(inherited)",
					"@executable_path/Frameworks",
				);
				PRODUCT_BUNDLE_IDENTIFIER = kosgrey.NetworkApp;
				PRODUCT_NAME = "$(TARGET_NAME)";
				SWIFT_VERSION = 5.0;
				TARGETED_DEVICE_FAMILY = "1,2";
			};
			name = Release;
		};
/* End XCBuildConfiguration section */

/* Begin XCConfigurationList section */
		4DF06EF82666781D00275D26 /* Build configuration list for PBXProject "NetworkApp" */ = {
			isa = XCConfigurationList;
			buildConfigurations = (
				4DF06F0F2666781D00275D26 /* Debug */,
				4DF06F102666781D00275D26 /* Release */,
			);
			defaultConfigurationIsVisible = 0;
			defaultConfigurationName = Release;
		};
		4DF06F112666781D00275D26 /* Build configuration list for PBXNativeTarget "NetworkApp" */ = {
			isa = XCConfigurationList;
			buildConfigurations = (
				4DF06F122666781D00275D26 /* Debug */,
				4DF06F132666781D00275D26 /* Release */,
			);
			defaultConfigurationIsVisible = 0;
			defaultConfigurationName = Release;
		};
/* End XCConfigurationList section */
	};
	rootObject = 4DF06EF52666781D00275D26 /* Project object */;
}
