// !$*UTF8*$!
{
	archiveVersion = 1;
	classes = {
	};
	objectVersion = 50;
	objects = {

/* Begin PBXBuildFile section */
		977987B02668EE0200C596A0 /* AppDelegate.swift in Sources */ = {isa = PBXBuildFile; fileRef = 977987AF2668EE0200C596A0 /* AppDelegate.swift */; };
		977987B42668EE0200C596A0 /* ViewController.swift in Sources */ = {isa = PBXBuildFile; fileRef = 977987B32668EE0200C596A0 /* ViewController.swift */; };
		977987B92668EE0400C596A0 /* Assets.xcassets in Resources */ = {isa = PBXBuildFile; fileRef = 977987B82668EE0400C596A0 /* Assets.xcassets */; };
		977987BC2668EE0400C596A0 /* LaunchScreen.storyboard in Resources */ = {isa = PBXBuildFile; fileRef = 977987BA2668EE0400C596A0 /* LaunchScreen.storyboard */; };
		977987C82668F63E00C596A0 /* Constants .swift in Sources */ = {isa = PBXBuildFile; fileRef = 977987C72668F63E00C596A0 /* Constants .swift */; };
		977987CD266901BE00C596A0 /* NetworkError.swift in Sources */ = {isa = PBXBuildFile; fileRef = 977987CC266901BE00C596A0 /* NetworkError.swift */; };
		977987D0266901E600C596A0 /* NetworkServiceProtocol.swift in Sources */ = {isa = PBXBuildFile; fileRef = 977987CF266901E600C596A0 /* NetworkServiceProtocol.swift */; };
		977987D3266901F100C596A0 /* NetworkService.swift in Sources */ = {isa = PBXBuildFile; fileRef = 977987D2266901F100C596A0 /* NetworkService.swift */; };
		977987D6266902CB00C596A0 /* GetNewsResponce.swift in Sources */ = {isa = PBXBuildFile; fileRef = 977987D5266902CB00C596A0 /* GetNewsResponce.swift */; };
		977987DC266905D400C596A0 /* BaseViewController.swift in Sources */ = {isa = PBXBuildFile; fileRef = 977987DB266905D400C596A0 /* BaseViewController.swift */; };
		977987E0266906F400C596A0 /* SpinnerViewController.swift in Sources */ = {isa = PBXBuildFile; fileRef = 977987DF266906F400C596A0 /* SpinnerViewController.swift */; };
		977987E326690BFF00C596A0 /* ImageViewController.swift in Sources */ = {isa = PBXBuildFile; fileRef = 977987E226690BFF00C596A0 /* ImageViewController.swift */; };
		977987EE26690E0900C596A0 /* NewsCell.swift in Sources */ = {isa = PBXBuildFile; fileRef = 977987ED26690E0900C596A0 /* NewsCell.swift */; };
/* End PBXBuildFile section */

/* Begin PBXFileReference section */
		977987AC2668EE0200C596A0 /* NetworkApp.app */ = {isa = PBXFileReference; explicitFileType = wrapper.application; includeInIndex = 0; path = NetworkApp.app; sourceTree = BUILT_PRODUCTS_DIR; };
		977987AF2668EE0200C596A0 /* AppDelegate.swift */ = {isa = PBXFileReference; lastKnownFileType = sourcecode.swift; path = AppDelegate.swift; sourceTree = "<group>"; };
		977987B32668EE0200C596A0 /* ViewController.swift */ = {isa = PBXFileReference; lastKnownFileType = sourcecode.swift; path = ViewController.swift; sourceTree = "<group>"; };
		977987B82668EE0400C596A0 /* Assets.xcassets */ = {isa = PBXFileReference; lastKnownFileType = folder.assetcatalog; path = Assets.xcassets; sourceTree = "<group>"; };
		977987BB2668EE0400C596A0 /* Base */ = {isa = PBXFileReference; lastKnownFileType = file.storyboard; name = Base; path = Base.lproj/LaunchScreen.storyboard; sourceTree = "<group>"; };
		977987BD2668EE0400C596A0 /* Info.plist */ = {isa = PBXFileReference; lastKnownFileType = text.plist.xml; path = Info.plist; sourceTree = "<group>"; };
		977987C72668F63E00C596A0 /* Constants .swift */ = {isa = PBXFileReference; lastKnownFileType = sourcecode.swift; path = "Constants .swift"; sourceTree = "<group>"; };
		977987CC266901BE00C596A0 /* NetworkError.swift */ = {isa = PBXFileReference; lastKnownFileType = sourcecode.swift; path = NetworkError.swift; sourceTree = "<group>"; };
		977987CF266901E600C596A0 /* NetworkServiceProtocol.swift */ = {isa = PBXFileReference; lastKnownFileType = sourcecode.swift; path = NetworkServiceProtocol.swift; sourceTree = "<group>"; };
		977987D2266901F100C596A0 /* NetworkService.swift */ = {isa = PBXFileReference; lastKnownFileType = sourcecode.swift; path = NetworkService.swift; sourceTree = "<group>"; };
		977987D5266902CB00C596A0 /* GetNewsResponce.swift */ = {isa = PBXFileReference; lastKnownFileType = sourcecode.swift; path = GetNewsResponce.swift; sourceTree = "<group>"; };
		977987DB266905D400C596A0 /* BaseViewController.swift */ = {isa = PBXFileReference; lastKnownFileType = sourcecode.swift; path = BaseViewController.swift; sourceTree = "<group>"; };
		977987DF266906F400C596A0 /* SpinnerViewController.swift */ = {isa = PBXFileReference; lastKnownFileType = sourcecode.swift; path = SpinnerViewController.swift; sourceTree = "<group>"; };
		977987E226690BFF00C596A0 /* ImageViewController.swift */ = {isa = PBXFileReference; lastKnownFileType = sourcecode.swift; path = ImageViewController.swift; sourceTree = "<group>"; };
		977987ED26690E0900C596A0 /* NewsCell.swift */ = {isa = PBXFileReference; lastKnownFileType = sourcecode.swift; path = NewsCell.swift; sourceTree = "<group>"; };
/* End PBXFileReference section */

/* Begin PBXFrameworksBuildPhase section */
		977987A92668EE0200C596A0 /* Frameworks */ = {
			isa = PBXFrameworksBuildPhase;
			buildActionMask = 2147483647;
			files = (
			);
			runOnlyForDeploymentPostprocessing = 0;
		};
/* End PBXFrameworksBuildPhase section */

/* Begin PBXGroup section */
		977987A32668EE0200C596A0 = {
			isa = PBXGroup;
			children = (
				977987AE2668EE0200C596A0 /* NetworkApp */,
				977987AD2668EE0200C596A0 /* Products */,
			);
			sourceTree = "<group>";
		};
		977987AD2668EE0200C596A0 /* Products */ = {
			isa = PBXGroup;
			children = (
				977987AC2668EE0200C596A0 /* NetworkApp.app */,
			);
			name = Products;
			sourceTree = "<group>";
		};
		977987AE2668EE0200C596A0 /* NetworkApp */ = {
			isa = PBXGroup;
			children = (
				977987AF2668EE0200C596A0 /* AppDelegate.swift */,
				977987C72668F63E00C596A0 /* Constants .swift */,
				977987D82669057100C596A0 /* Model */,
				977987EA26690DC800C596A0 /* View */,
				977987E526690C1A00C596A0 /* Controller */,
				977987B82668EE0400C596A0 /* Assets.xcassets */,
				977987BA2668EE0400C596A0 /* LaunchScreen.storyboard */,
				977987BD2668EE0400C596A0 /* Info.plist */,
			);
			path = NetworkApp;
			sourceTree = "<group>";
		};
		977987D82669057100C596A0 /* Model */ = {
			isa = PBXGroup;
			children = (
				977987D5266902CB00C596A0 /* GetNewsResponce.swift */,
				977987CC266901BE00C596A0 /* NetworkError.swift */,
				977987CF266901E600C596A0 /* NetworkServiceProtocol.swift */,
				977987D2266901F100C596A0 /* NetworkService.swift */,
			);
			path = Model;
			sourceTree = "<group>";
		};
		977987E526690C1A00C596A0 /* Controller */ = {
			isa = PBXGroup;
			children = (
				977987B32668EE0200C596A0 /* ViewController.swift */,
				977987DB266905D400C596A0 /* BaseViewController.swift */,
				977987E226690BFF00C596A0 /* ImageViewController.swift */,
				977987DF266906F400C596A0 /* SpinnerViewController.swift */,
			);
			path = Controller;
			sourceTree = "<group>";
		};
		977987EA26690DC800C596A0 /* View */ = {
			isa = PBXGroup;
			children = (
				977987ED26690E0900C596A0 /* NewsCell.swift */,
			);
			path = View;
			sourceTree = "<group>";
		};
/* End PBXGroup section */

/* Begin PBXNativeTarget section */
		977987AB2668EE0200C596A0 /* NetworkApp */ = {
			isa = PBXNativeTarget;
			buildConfigurationList = 977987C02668EE0400C596A0 /* Build configuration list for PBXNativeTarget "NetworkApp" */;
			buildPhases = (
				977987A82668EE0200C596A0 /* Sources */,
				977987A92668EE0200C596A0 /* Frameworks */,
				977987AA2668EE0200C596A0 /* Resources */,
			);
			buildRules = (
			);
			dependencies = (
			);
			name = NetworkApp;
			productName = NetworkApp;
			productReference = 977987AC2668EE0200C596A0 /* NetworkApp.app */;
			productType = "com.apple.product-type.application";
		};
/* End PBXNativeTarget section */

/* Begin PBXProject section */
		977987A42668EE0200C596A0 /* Project object */ = {
			isa = PBXProject;
			attributes = {
				LastSwiftUpdateCheck = 1220;
				LastUpgradeCheck = 1220;
				TargetAttributes = {
					977987AB2668EE0200C596A0 = {
						CreatedOnToolsVersion = 12.2;
					};
				};
			};
			buildConfigurationList = 977987A72668EE0200C596A0 /* Build configuration list for PBXProject "NetworkApp" */;
			compatibilityVersion = "Xcode 9.3";
			developmentRegion = en;
			hasScannedForEncodings = 0;
			knownRegions = (
				en,
				Base,
			);
			mainGroup = 977987A32668EE0200C596A0;
			productRefGroup = 977987AD2668EE0200C596A0 /* Products */;
			projectDirPath = "";
			projectRoot = "";
			targets = (
				977987AB2668EE0200C596A0 /* NetworkApp */,
			);
		};
/* End PBXProject section */

/* Begin PBXResourcesBuildPhase section */
		977987AA2668EE0200C596A0 /* Resources */ = {
			isa = PBXResourcesBuildPhase;
			buildActionMask = 2147483647;
			files = (
				977987BC2668EE0400C596A0 /* LaunchScreen.storyboard in Resources */,
				977987B92668EE0400C596A0 /* Assets.xcassets in Resources */,
			);
			runOnlyForDeploymentPostprocessing = 0;
		};
/* End PBXResourcesBuildPhase section */

/* Begin PBXSourcesBuildPhase section */
		977987A82668EE0200C596A0 /* Sources */ = {
			isa = PBXSourcesBuildPhase;
			buildActionMask = 2147483647;
			files = (
				977987B42668EE0200C596A0 /* ViewController.swift in Sources */,
				977987CD266901BE00C596A0 /* NetworkError.swift in Sources */,
				977987E326690BFF00C596A0 /* ImageViewController.swift in Sources */,
				977987C82668F63E00C596A0 /* Constants .swift in Sources */,
				977987D6266902CB00C596A0 /* GetNewsResponce.swift in Sources */,
				977987B02668EE0200C596A0 /* AppDelegate.swift in Sources */,
				977987DC266905D400C596A0 /* BaseViewController.swift in Sources */,
				977987D3266901F100C596A0 /* NetworkService.swift in Sources */,
				977987E0266906F400C596A0 /* SpinnerViewController.swift in Sources */,
				977987D0266901E600C596A0 /* NetworkServiceProtocol.swift in Sources */,
				977987EE26690E0900C596A0 /* NewsCell.swift in Sources */,
			);
			runOnlyForDeploymentPostprocessing = 0;
		};
/* End PBXSourcesBuildPhase section */

/* Begin PBXVariantGroup section */
		977987BA2668EE0400C596A0 /* LaunchScreen.storyboard */ = {
			isa = PBXVariantGroup;
			children = (
				977987BB2668EE0400C596A0 /* Base */,
			);
			name = LaunchScreen.storyboard;
			sourceTree = "<group>";
		};
/* End PBXVariantGroup section */

/* Begin XCBuildConfiguration section */
		977987BE2668EE0400C596A0 /* Debug */ = {
			isa = XCBuildConfiguration;
			buildSettings = {
				ALWAYS_SEARCH_USER_PATHS = NO;
				CLANG_ANALYZER_NONNULL = YES;
				CLANG_ANALYZER_NUMBER_OBJECT_CONVERSION = YES_AGGRESSIVE;
				CLANG_CXX_LANGUAGE_STANDARD = "gnu++14";
				CLANG_CXX_LIBRARY = "libc++";
				CLANG_ENABLE_MODULES = YES;
				CLANG_ENABLE_OBJC_ARC = YES;
				CLANG_ENABLE_OBJC_WEAK = YES;
				CLANG_WARN_BLOCK_CAPTURE_AUTORELEASING = YES;
				CLANG_WARN_BOOL_CONVERSION = YES;
				CLANG_WARN_COMMA = YES;
				CLANG_WARN_CONSTANT_CONVERSION = YES;
				CLANG_WARN_DEPRECATED_OBJC_IMPLEMENTATIONS = YES;
				CLANG_WARN_DIRECT_OBJC_ISA_USAGE = YES_ERROR;
				CLANG_WARN_DOCUMENTATION_COMMENTS = YES;
				CLANG_WARN_EMPTY_BODY = YES;
				CLANG_WARN_ENUM_CONVERSION = YES;
				CLANG_WARN_INFINITE_RECURSION = YES;
				CLANG_WARN_INT_CONVERSION = YES;
				CLANG_WARN_NON_LITERAL_NULL_CONVERSION = YES;
				CLANG_WARN_OBJC_IMPLICIT_RETAIN_SELF = YES;
				CLANG_WARN_OBJC_LITERAL_CONVERSION = YES;
				CLANG_WARN_OBJC_ROOT_CLASS = YES_ERROR;
				CLANG_WARN_QUOTED_INCLUDE_IN_FRAMEWORK_HEADER = YES;
				CLANG_WARN_RANGE_LOOP_ANALYSIS = YES;
				CLANG_WARN_STRICT_PROTOTYPES = YES;
				CLANG_WARN_SUSPICIOUS_MOVE = YES;
				CLANG_WARN_UNGUARDED_AVAILABILITY = YES_AGGRESSIVE;
				CLANG_WARN_UNREACHABLE_CODE = YES;
				CLANG_WARN__DUPLICATE_METHOD_MATCH = YES;
				COPY_PHASE_STRIP = NO;
				DEBUG_INFORMATION_FORMAT = dwarf;
				ENABLE_STRICT_OBJC_MSGSEND = YES;
				ENABLE_TESTABILITY = YES;
				GCC_C_LANGUAGE_STANDARD = gnu11;
				GCC_DYNAMIC_NO_PIC = NO;
				GCC_NO_COMMON_BLOCKS = YES;
				GCC_OPTIMIZATION_LEVEL = 0;
				GCC_PREPROCESSOR_DEFINITIONS = (
					"DEBUG=1",
					"$(inherited)",
				);
				GCC_WARN_64_TO_32_BIT_CONVERSION = YES;
				GCC_WARN_ABOUT_RETURN_TYPE = YES_ERROR;
				GCC_WARN_UNDECLARED_SELECTOR = YES;
				GCC_WARN_UNINITIALIZED_AUTOS = YES_AGGRESSIVE;
				GCC_WARN_UNUSED_FUNCTION = YES;
				GCC_WARN_UNUSED_VARIABLE = YES;
				IPHONEOS_DEPLOYMENT_TARGET = 14.2;
				MTL_ENABLE_DEBUG_INFO = INCLUDE_SOURCE;
				MTL_FAST_MATH = YES;
				ONLY_ACTIVE_ARCH = YES;
				SDKROOT = iphoneos;
				SWIFT_ACTIVE_COMPILATION_CONDITIONS = DEBUG;
				SWIFT_OPTIMIZATION_LEVEL = "-Onone";
			};
			name = Debug;
		};
		977987BF2668EE0400C596A0 /* Release */ = {
			isa = XCBuildConfiguration;
			buildSettings = {
				ALWAYS_SEARCH_USER_PATHS = NO;
				CLANG_ANALYZER_NONNULL = YES;
				CLANG_ANALYZER_NUMBER_OBJECT_CONVERSION = YES_AGGRESSIVE;
				CLANG_CXX_LANGUAGE_STANDARD = "gnu++14";
				CLANG_CXX_LIBRARY = "libc++";
				CLANG_ENABLE_MODULES = YES;
				CLANG_ENABLE_OBJC_ARC = YES;
				CLANG_ENABLE_OBJC_WEAK = YES;
				CLANG_WARN_BLOCK_CAPTURE_AUTORELEASING = YES;
				CLANG_WARN_BOOL_CONVERSION = YES;
				CLANG_WARN_COMMA = YES;
				CLANG_WARN_CONSTANT_CONVERSION = YES;
				CLANG_WARN_DEPRECATED_OBJC_IMPLEMENTATIONS = YES;
				CLANG_WARN_DIRECT_OBJC_ISA_USAGE = YES_ERROR;
				CLANG_WARN_DOCUMENTATION_COMMENTS = YES;
				CLANG_WARN_EMPTY_BODY = YES;
				CLANG_WARN_ENUM_CONVERSION = YES;
				CLANG_WARN_INFINITE_RECURSION = YES;
				CLANG_WARN_INT_CONVERSION = YES;
				CLANG_WARN_NON_LITERAL_NULL_CONVERSION = YES;
				CLANG_WARN_OBJC_IMPLICIT_RETAIN_SELF = YES;
				CLANG_WARN_OBJC_LITERAL_CONVERSION = YES;
				CLANG_WARN_OBJC_ROOT_CLASS = YES_ERROR;
				CLANG_WARN_QUOTED_INCLUDE_IN_FRAMEWORK_HEADER = YES;
				CLANG_WARN_RANGE_LOOP_ANALYSIS = YES;
				CLANG_WARN_STRICT_PROTOTYPES = YES;
				CLANG_WARN_SUSPICIOUS_MOVE = YES;
				CLANG_WARN_UNGUARDED_AVAILABILITY = YES_AGGRESSIVE;
				CLANG_WARN_UNREACHABLE_CODE = YES;
				CLANG_WARN__DUPLICATE_METHOD_MATCH = YES;
				COPY_PHASE_STRIP = NO;
				DEBUG_INFORMATION_FORMAT = "dwarf-with-dsym";
				ENABLE_NS_ASSERTIONS = NO;
				ENABLE_STRICT_OBJC_MSGSEND = YES;
				GCC_C_LANGUAGE_STANDARD = gnu11;
				GCC_NO_COMMON_BLOCKS = YES;
				GCC_WARN_64_TO_32_BIT_CONVERSION = YES;
				GCC_WARN_ABOUT_RETURN_TYPE = YES_ERROR;
				GCC_WARN_UNDECLARED_SELECTOR = YES;
				GCC_WARN_UNINITIALIZED_AUTOS = YES_AGGRESSIVE;
				GCC_WARN_UNUSED_FUNCTION = YES;
				GCC_WARN_UNUSED_VARIABLE = YES;
				IPHONEOS_DEPLOYMENT_TARGET = 14.2;
				MTL_ENABLE_DEBUG_INFO = NO;
				MTL_FAST_MATH = YES;
				SDKROOT = iphoneos;
				SWIFT_COMPILATION_MODE = wholemodule;
				SWIFT_OPTIMIZATION_LEVEL = "-O";
				VALIDATE_PRODUCT = YES;
			};
			name = Release;
		};
		977987C12668EE0400C596A0 /* Debug */ = {
			isa = XCBuildConfiguration;
			buildSettings = {
				ASSETCATALOG_COMPILER_APPICON_NAME = AppIcon;
				ASSETCATALOG_COMPILER_GLOBAL_ACCENT_COLOR_NAME = AccentColor;
				CODE_SIGN_STYLE = Automatic;
				DEVELOPMENT_TEAM = 58F4X29Z9Z;
				INFOPLIST_FILE = NetworkApp/Info.plist;
				LD_RUNPATH_SEARCH_PATHS = (
					"$(inherited)",
					"@executable_path/Frameworks",
				);
				PRODUCT_BUNDLE_IDENTIFIER = Patterns.NetworkApp;
				PRODUCT_NAME = "$(TARGET_NAME)";
				SWIFT_VERSION = 5.0;
				TARGETED_DEVICE_FAMILY = "1,2";
			};
			name = Debug;
		};
		977987C22668EE0400C596A0 /* Release */ = {
			isa = XCBuildConfiguration;
			buildSettings = {
				ASSETCATALOG_COMPILER_APPICON_NAME = AppIcon;
				ASSETCATALOG_COMPILER_GLOBAL_ACCENT_COLOR_NAME = AccentColor;
				CODE_SIGN_STYLE = Automatic;
				DEVELOPMENT_TEAM = 58F4X29Z9Z;
				INFOPLIST_FILE = NetworkApp/Info.plist;
				LD_RUNPATH_SEARCH_PATHS = (
					"$(inherited)",
					"@executable_path/Frameworks",
				);
				PRODUCT_BUNDLE_IDENTIFIER = Patterns.NetworkApp;
				PRODUCT_NAME = "$(TARGET_NAME)";
				SWIFT_VERSION = 5.0;
				TARGETED_DEVICE_FAMILY = "1,2";
			};
			name = Release;
		};
/* End XCBuildConfiguration section */

/* Begin XCConfigurationList section */
		977987A72668EE0200C596A0 /* Build configuration list for PBXProject "NetworkApp" */ = {
			isa = XCConfigurationList;
			buildConfigurations = (
				977987BE2668EE0400C596A0 /* Debug */,
				977987BF2668EE0400C596A0 /* Release */,
			);
			defaultConfigurationIsVisible = 0;
			defaultConfigurationName = Release;
		};
		977987C02668EE0400C596A0 /* Build configuration list for PBXNativeTarget "NetworkApp" */ = {
			isa = XCConfigurationList;
			buildConfigurations = (
				977987C12668EE0400C596A0 /* Debug */,
				977987C22668EE0400C596A0 /* Release */,
			);
			defaultConfigurationIsVisible = 0;
			defaultConfigurationName = Release;
		};
/* End XCConfigurationList section */
	};
	rootObject = 977987A42668EE0200C596A0 /* Project object */;
}
